
Microsoft Visual Studio Solution File, Format Version 12.00
# Visual Studio 15
VisualStudioVersion = 15.0.27703.2000
MinimumVisualStudioVersion = 10.0.40219.1
Project("{9A19103F-16F7-4668-BE54-9A1E7A4F7556}") = "Docker.AutoDl", "Docker.AutoDl\Docker.AutoDl.csproj", "{0AB5367B-2744-42EA-A4A4-E7683D8E6190}"
EndProject
Project("{FAE04EC0-301F-11D3-BF4B-00C04F79EFBC}") = "Docker.AutoDl.Tests", "Docker.AutoDl.Tests\Docker.AutoDl.Tests.csproj", "{8F81A596-0810-4012-B2F3-39A4B19890DA}"
EndProject
Global
	GlobalSection(SolutionConfigurationPlatforms) = preSolution
		Debug|Any CPU = Debug|Any CPU
		Release|Any CPU = Release|Any CPU
	EndGlobalSection
	GlobalSection(ProjectConfigurationPlatforms) = postSolution
		{0AB5367B-2744-42EA-A4A4-E7683D8E6190}.Debug|Any CPU.ActiveCfg = Debug|Any CPU
		{0AB5367B-2744-42EA-A4A4-E7683D8E6190}.Debug|Any CPU.Build.0 = Debug|Any CPU
		{0AB5367B-2744-42EA-A4A4-E7683D8E6190}.Release|Any CPU.ActiveCfg = Release|Any CPU
		{0AB5367B-2744-42EA-A4A4-E7683D8E6190}.Release|Any CPU.Build.0 = Release|Any CPU
		{8F81A596-0810-4012-B2F3-39A4B19890DA}.Debug|Any CPU.ActiveCfg = Debug|Any CPU
		{8F81A596-0810-4012-B2F3-39A4B19890DA}.Debug|Any CPU.Build.0 = Debug|Any CPU
		{8F81A596-0810-4012-B2F3-39A4B19890DA}.Release|Any CPU.ActiveCfg = Release|Any CPU
		{8F81A596-0810-4012-B2F3-39A4B19890DA}.Release|Any CPU.Build.0 = Release|Any CPU
	EndGlobalSection
	GlobalSection(SolutionProperties) = preSolution
		HideSolutionNode = FALSE
	EndGlobalSection
	GlobalSection(ExtensibilityGlobals) = postSolution
		SolutionGuid = {5D8EFE53-DE97-4E20-B6E1-BDFAC92EFEE3}
	EndGlobalSection
EndGlobal
